<?xml version="1.0" encoding="UTF-8" standalone="yes" ?>
<CodeBlocks_project_file>
	<FileVersion major="1" minor="6" />
	<Project>
		<Option title="BanglaProgramingLanguage" />
		<Option pch_mode="2" />
		<Option compiler="gcc" />
		<Build>
			<Target title="Debug">
				<Option output="bin/Debug/BanglaProgramingLanguage" prefix_auto="1" extension_auto="1" />
				<Option object_output="obj/Debug/" />
				<Option type="1" />
				<Option compiler="gcc" />
				<Compiler>
					<Add option="-g" />
				</Compiler>
			</Target>
			<Target title="Release">
				<Option output="bin/Release/BanglaProgramingLanguage" prefix_auto="1" extension_auto="1" />
				<Option object_output="obj/Release/" />
				<Option type="1" />
				<Option compiler="gcc" />
				<Compiler>
					<Add option="-O2" />
				</Compiler>
				<Linker>
					<Add option="-s" />
				</Linker>
			</Target>
		</Build>
		<Compiler>
			<Add option="-Wall" />
			<Add option="-std=c++17" />
			<Add option="-fexceptions" />
			<Add option="-DANTLR4CPP_STATIC" />
			<Add directory="C:/antlr/antlr4/runtime/Cpp/runtime/src" />
		</Compiler>
		<Linker>
			<Add library="C:/antlr/antlr4/runtime/Cpp/build/runtime/libantlr4-runtime-static.a" />
		</Linker>
		<Unit filename="ANTLR_Generated/Bangla.g4" />
		<Unit filename="ANTLR_Generated/Bangla.interp" />
		<Unit filename="ANTLR_Generated/Bangla.tokens" />
		<Unit filename="ANTLR_Generated/BanglaBaseListener.cpp" />
		<Unit filename="ANTLR_Generated/BanglaBaseListener.h" />
		<Unit filename="ANTLR_Generated/BanglaLexer.cpp" />
		<Unit filename="ANTLR_Generated/BanglaLexer.h" />
		<Unit filename="ANTLR_Generated/BanglaLexer.interp" />
		<Unit filename="ANTLR_Generated/BanglaLexer.tokens" />
		<Unit filename="ANTLR_Generated/BanglaListener.cpp" />
		<Unit filename="ANTLR_Generated/BanglaListener.h" />
		<Unit filename="ANTLR_Generated/BanglaParser.cpp" />
		<Unit filename="ANTLR_Generated/BanglaParser.h" />
		<Unit filename="main.cpp" />
		<Extensions>
			<lib_finder disable_auto="1" />
		</Extensions>
	</Project>
</CodeBlocks_project_file>
